// !$*UTF8*$!
{
	archiveVersion = 1;
	classes = {
	};
	objectVersion = 56;
	objects = {

/* Begin PBXBuildFile section */
		EC64F0B62A1FB1500079CFFE /* AverageCalcStub in Frameworks */ = {isa = PBXBuildFile; productRef = EC64F0B52A1FB1500079CFFE /* AverageCalcStub */; };
		EC64F0B82A1FF8CC0079CFFE /* BlocksView.swift in Sources */ = {isa = PBXBuildFile; fileRef = EC64F0B72A1FF8CC0079CFFE /* BlocksView.swift */; };
		EC64F0BB2A1FFA670079CFFE /* Colors.xcassets in Resources */ = {isa = PBXBuildFile; fileRef = EC64F0BA2A1FFA670079CFFE /* Colors.xcassets */; };
		EC64F0BD2A1FFAEB0079CFFE /* Colors.swift in Sources */ = {isa = PBXBuildFile; fileRef = EC64F0BC2A1FFAEB0079CFFE /* Colors.swift */; };
		EC64F0C22A2000B20079CFFE /* BlockItem.swift in Sources */ = {isa = PBXBuildFile; fileRef = EC64F0C12A2000B20079CFFE /* BlockItem.swift */; };
		EC64F0C52A2005990079CFFE /* Double.swift in Sources */ = {isa = PBXBuildFile; fileRef = EC64F0C42A2005990079CFFE /* Double.swift */; };
		EC64F0C82A200C8F0079CFFE /* UEsView.swift in Sources */ = {isa = PBXBuildFile; fileRef = EC64F0C72A200C8F0079CFFE /* UEsView.swift */; };
		EC64F0CA2A20108F0079CFFE /* UEItem.swift in Sources */ = {isa = PBXBuildFile; fileRef = EC64F0C92A20108F0079CFFE /* UEItem.swift */; };
		EC64F0CF2A203CE30079CFFE /* MarkSlider.swift in Sources */ = {isa = PBXBuildFile; fileRef = EC64F0CE2A203CE30079CFFE /* MarkSlider.swift */; };
		ECDA041D2A1EAF7E007B6A3B /* AverageCalcApp.swift in Sources */ = {isa = PBXBuildFile; fileRef = ECDA041C2A1EAF7E007B6A3B /* AverageCalcApp.swift */; };
		ECDA041F2A1EAF7E007B6A3B /* HomePage.swift in Sources */ = {isa = PBXBuildFile; fileRef = ECDA041E2A1EAF7E007B6A3B /* HomePage.swift */; };
		ECDA04212A1EAF7E007B6A3B /* Assets.xcassets in Resources */ = {isa = PBXBuildFile; fileRef = ECDA04202A1EAF7E007B6A3B /* Assets.xcassets */; };
		ECDA04242A1EAF7E007B6A3B /* Preview Assets.xcassets in Resources */ = {isa = PBXBuildFile; fileRef = ECDA04232A1EAF7E007B6A3B /* Preview Assets.xcassets */; };
		ECDA042C2A1EAFE2007B6A3B /* AverageCalcModel in Frameworks */ = {isa = PBXBuildFile; productRef = ECDA042B2A1EAFE2007B6A3B /* AverageCalcModel */; };
/* End PBXBuildFile section */

/* Begin PBXFileReference section */
		EC64F0B72A1FF8CC0079CFFE /* BlocksView.swift */ = {isa = PBXFileReference; lastKnownFileType = sourcecode.swift; path = BlocksView.swift; sourceTree = "<group>"; };
		EC64F0BA2A1FFA670079CFFE /* Colors.xcassets */ = {isa = PBXFileReference; lastKnownFileType = folder.assetcatalog; path = Colors.xcassets; sourceTree = "<group>"; };
		EC64F0BC2A1FFAEB0079CFFE /* Colors.swift */ = {isa = PBXFileReference; lastKnownFileType = sourcecode.swift; path = Colors.swift; sourceTree = "<group>"; };
		EC64F0C12A2000B20079CFFE /* BlockItem.swift */ = {isa = PBXFileReference; lastKnownFileType = sourcecode.swift; path = BlockItem.swift; sourceTree = "<group>"; };
		EC64F0C42A2005990079CFFE /* Double.swift */ = {isa = PBXFileReference; lastKnownFileType = sourcecode.swift; path = Double.swift; sourceTree = "<group>"; };
		EC64F0C72A200C8F0079CFFE /* UEsView.swift */ = {isa = PBXFileReference; lastKnownFileType = sourcecode.swift; path = UEsView.swift; sourceTree = "<group>"; };
		EC64F0C92A20108F0079CFFE /* UEItem.swift */ = {isa = PBXFileReference; lastKnownFileType = sourcecode.swift; path = UEItem.swift; sourceTree = "<group>"; };
		EC64F0CE2A203CE30079CFFE /* MarkSlider.swift */ = {isa = PBXFileReference; lastKnownFileType = sourcecode.swift; path = MarkSlider.swift; sourceTree = "<group>"; };
		ECDA04192A1EAF7E007B6A3B /* AverageCalcApp.app */ = {isa = PBXFileReference; explicitFileType = wrapper.application; includeInIndex = 0; path = AverageCalcApp.app; sourceTree = BUILT_PRODUCTS_DIR; };
		ECDA041C2A1EAF7E007B6A3B /* AverageCalcApp.swift */ = {isa = PBXFileReference; lastKnownFileType = sourcecode.swift; path = AverageCalcApp.swift; sourceTree = "<group>"; };
		ECDA041E2A1EAF7E007B6A3B /* HomePage.swift */ = {isa = PBXFileReference; lastKnownFileType = sourcecode.swift; path = HomePage.swift; sourceTree = "<group>"; };
		ECDA04202A1EAF7E007B6A3B /* Assets.xcassets */ = {isa = PBXFileReference; lastKnownFileType = folder.assetcatalog; path = Assets.xcassets; sourceTree = "<group>"; };
		ECDA04232A1EAF7E007B6A3B /* Preview Assets.xcassets */ = {isa = PBXFileReference; lastKnownFileType = folder.assetcatalog; path = "Preview Assets.xcassets"; sourceTree = "<group>"; };
/* End PBXFileReference section */

/* Begin PBXFrameworksBuildPhase section */
		ECDA04162A1EAF7E007B6A3B /* Frameworks */ = {
			isa = PBXFrameworksBuildPhase;
			buildActionMask = 2147483647;
			files = (
				ECDA042C2A1EAFE2007B6A3B /* AverageCalcModel in Frameworks */,
				EC64F0B62A1FB1500079CFFE /* AverageCalcStub in Frameworks */,
			);
			runOnlyForDeploymentPostprocessing = 0;
		};
/* End PBXFrameworksBuildPhase section */

/* Begin PBXGroup section */
		EC64F0B32A1FAADC0079CFFE /* Pages */ = {
			isa = PBXGroup;
			children = (
				ECDA041E2A1EAF7E007B6A3B /* HomePage.swift */,
			);
			path = Pages;
			sourceTree = "<group>";
		};
		EC64F0B42A1FAAE30079CFFE /* Views */ = {
			isa = PBXGroup;
			children = (
				EC64F0CB2A2016390079CFFE /* Utilities */,
				EC64F0C62A200C4B0079CFFE /* UEs */,
				EC64F0BE2A2000420079CFFE /* Blocks */,
			);
			path = Views;
			sourceTree = "<group>";
		};
		EC64F0B92A1FFA400079CFFE /* Assets */ = {
			isa = PBXGroup;
			children = (
				ECDA04202A1EAF7E007B6A3B /* Assets.xcassets */,
				EC64F0BA2A1FFA670079CFFE /* Colors.xcassets */,
				EC64F0BC2A1FFAEB0079CFFE /* Colors.swift */,
			);
			path = Assets;
			sourceTree = "<group>";
		};
		EC64F0BE2A2000420079CFFE /* Blocks */ = {
			isa = PBXGroup;
			children = (
				EC64F0B72A1FF8CC0079CFFE /* BlocksView.swift */,
				EC64F0C12A2000B20079CFFE /* BlockItem.swift */,
			);
			path = Blocks;
			sourceTree = "<group>";
		};
		EC64F0C32A2005790079CFFE /* Formaters */ = {
			isa = PBXGroup;
			children = (
				EC64F0C42A2005990079CFFE /* Double.swift */,
			);
			path = Formaters;
			sourceTree = "<group>";
		};
		EC64F0C62A200C4B0079CFFE /* UEs */ = {
			isa = PBXGroup;
			children = (
				EC64F0C72A200C8F0079CFFE /* UEsView.swift */,
				EC64F0C92A20108F0079CFFE /* UEItem.swift */,
			);
			path = UEs;
			sourceTree = "<group>";
		};
		EC64F0CB2A2016390079CFFE /* Utilities */ = {
			isa = PBXGroup;
			children = (
				EC64F0CE2A203CE30079CFFE /* MarkSlider.swift */,
			);
			path = Utilities;
			sourceTree = "<group>";
		};
		ECDA04102A1EAF7E007B6A3B = {
			isa = PBXGroup;
			children = (
				ECDA041B2A1EAF7E007B6A3B /* AverageCalcApp */,
				ECDA041A2A1EAF7E007B6A3B /* Products */,
				ECDA042A2A1EAFE2007B6A3B /* Frameworks */,
			);
			sourceTree = "<group>";
		};
		ECDA041A2A1EAF7E007B6A3B /* Products */ = {
			isa = PBXGroup;
			children = (
				ECDA04192A1EAF7E007B6A3B /* AverageCalcApp.app */,
			);
			name = Products;
			sourceTree = "<group>";
		};
		ECDA041B2A1EAF7E007B6A3B /* AverageCalcApp */ = {
			isa = PBXGroup;
			children = (
				EC64F0B92A1FFA400079CFFE /* Assets */,
				EC64F0C32A2005790079CFFE /* Formaters */,
				EC64F0B42A1FAAE30079CFFE /* Views */,
				EC64F0B32A1FAADC0079CFFE /* Pages */,
				ECDA041C2A1EAF7E007B6A3B /* AverageCalcApp.swift */,
				ECDA04222A1EAF7E007B6A3B /* Preview Content */,
			);
			path = AverageCalcApp;
			sourceTree = "<group>";
		};
		ECDA04222A1EAF7E007B6A3B /* Preview Content */ = {
			isa = PBXGroup;
			children = (
				ECDA04232A1EAF7E007B6A3B /* Preview Assets.xcassets */,
			);
			path = "Preview Content";
			sourceTree = "<group>";
		};
		ECDA042A2A1EAFE2007B6A3B /* Frameworks */ = {
			isa = PBXGroup;
			children = (
			);
			name = Frameworks;
			sourceTree = "<group>";
		};
/* End PBXGroup section */

/* Begin PBXNativeTarget section */
		ECDA04182A1EAF7E007B6A3B /* AverageCalcApp */ = {
			isa = PBXNativeTarget;
			buildConfigurationList = ECDA04272A1EAF7E007B6A3B /* Build configuration list for PBXNativeTarget "AverageCalcApp" */;
			buildPhases = (
				ECDA04152A1EAF7E007B6A3B /* Sources */,
				ECDA04162A1EAF7E007B6A3B /* Frameworks */,
				ECDA04172A1EAF7E007B6A3B /* Resources */,
			);
			buildRules = (
			);
			dependencies = (
			);
			name = AverageCalcApp;
			packageProductDependencies = (
				ECDA042B2A1EAFE2007B6A3B /* AverageCalcModel */,
				EC64F0B52A1FB1500079CFFE /* AverageCalcStub */,
			);
			productName = AverageCalcApp;
			productReference = ECDA04192A1EAF7E007B6A3B /* AverageCalcApp.app */;
			productType = "com.apple.product-type.application";
		};
/* End PBXNativeTarget section */

/* Begin PBXProject section */
		ECDA04112A1EAF7E007B6A3B /* Project object */ = {
			isa = PBXProject;
			attributes = {
				BuildIndependentTargetsInParallel = 1;
				LastSwiftUpdateCheck = 1430;
				LastUpgradeCheck = 1430;
				TargetAttributes = {
					ECDA04182A1EAF7E007B6A3B = {
						CreatedOnToolsVersion = 14.3;
					};
				};
			};
			buildConfigurationList = ECDA04142A1EAF7E007B6A3B /* Build configuration list for PBXProject "AverageCalcApp" */;
			compatibilityVersion = "Xcode 14.0";
			developmentRegion = en;
			hasScannedForEncodings = 0;
			knownRegions = (
				en,
				Base,
			);
			mainGroup = ECDA04102A1EAF7E007B6A3B;
			productRefGroup = ECDA041A2A1EAF7E007B6A3B /* Products */;
			projectDirPath = "";
			projectRoot = "";
			targets = (
				ECDA04182A1EAF7E007B6A3B /* AverageCalcApp */,
			);
		};
/* End PBXProject section */

/* Begin PBXResourcesBuildPhase section */
		ECDA04172A1EAF7E007B6A3B /* Resources */ = {
			isa = PBXResourcesBuildPhase;
			buildActionMask = 2147483647;
			files = (
				EC64F0BB2A1FFA670079CFFE /* Colors.xcassets in Resources */,
				ECDA04242A1EAF7E007B6A3B /* Preview Assets.xcassets in Resources */,
				ECDA04212A1EAF7E007B6A3B /* Assets.xcassets in Resources */,
			);
			runOnlyForDeploymentPostprocessing = 0;
		};
/* End PBXResourcesBuildPhase section */

/* Begin PBXSourcesBuildPhase section */
		ECDA04152A1EAF7E007B6A3B /* Sources */ = {
			isa = PBXSourcesBuildPhase;
			buildActionMask = 2147483647;
			files = (
				EC64F0CA2A20108F0079CFFE /* UEItem.swift in Sources */,
				EC64F0CF2A203CE30079CFFE /* MarkSlider.swift in Sources */,
				EC64F0B82A1FF8CC0079CFFE /* BlocksView.swift in Sources */,
				EC64F0BD2A1FFAEB0079CFFE /* Colors.swift in Sources */,
				EC64F0C82A200C8F0079CFFE /* UEsView.swift in Sources */,
				ECDA041F2A1EAF7E007B6A3B /* HomePage.swift in Sources */,
				ECDA041D2A1EAF7E007B6A3B /* AverageCalcApp.swift in Sources */,
				EC64F0C52A2005990079CFFE /* Double.swift in Sources */,
				EC64F0C22A2000B20079CFFE /* BlockItem.swift in Sources */,
			);
			runOnlyForDeploymentPostprocessing = 0;
		};
/* End PBXSourcesBuildPhase section */

/* Begin XCBuildConfiguration section */
		ECDA04252A1EAF7E007B6A3B /* Debug */ = {
			isa = XCBuildConfiguration;
			buildSettings = {
				ALWAYS_SEARCH_USER_PATHS = NO;
				CLANG_ANALYZER_NONNULL = YES;
				CLANG_ANALYZER_NUMBER_OBJECT_CONVERSION = YES_AGGRESSIVE;
				CLANG_CXX_LANGUAGE_STANDARD = "gnu++20";
				CLANG_ENABLE_MODULES = YES;
				CLANG_ENABLE_OBJC_ARC = YES;
				CLANG_ENABLE_OBJC_WEAK = YES;
				CLANG_WARN_BLOCK_CAPTURE_AUTORELEASING = YES;
				CLANG_WARN_BOOL_CONVERSION = YES;
				CLANG_WARN_COMMA = YES;
				CLANG_WARN_CONSTANT_CONVERSION = YES;
				CLANG_WARN_DEPRECATED_OBJC_IMPLEMENTATIONS = YES;
				CLANG_WARN_DIRECT_OBJC_ISA_USAGE = YES_ERROR;
				CLANG_WARN_DOCUMENTATION_COMMENTS = YES;
				CLANG_WARN_EMPTY_BODY = YES;
				CLANG_WARN_ENUM_CONVERSION = YES;
				CLANG_WARN_INFINITE_RECURSION = YES;
				CLANG_WARN_INT_CONVERSION = YES;
				CLANG_WARN_NON_LITERAL_NULL_CONVERSION = YES;
				CLANG_WARN_OBJC_IMPLICIT_RETAIN_SELF = YES;
				CLANG_WARN_OBJC_LITERAL_CONVERSION = YES;
				CLANG_WARN_OBJC_ROOT_CLASS = YES_ERROR;
				CLANG_WARN_QUOTED_INCLUDE_IN_FRAMEWORK_HEADER = YES;
				CLANG_WARN_RANGE_LOOP_ANALYSIS = YES;
				CLANG_WARN_STRICT_PROTOTYPES = YES;
				CLANG_WARN_SUSPICIOUS_MOVE = YES;
				CLANG_WARN_UNGUARDED_AVAILABILITY = YES_AGGRESSIVE;
				CLANG_WARN_UNREACHABLE_CODE = YES;
				CLANG_WARN__DUPLICATE_METHOD_MATCH = YES;
				COPY_PHASE_STRIP = NO;
				DEBUG_INFORMATION_FORMAT = dwarf;
				ENABLE_STRICT_OBJC_MSGSEND = YES;
				ENABLE_TESTABILITY = YES;
				GCC_C_LANGUAGE_STANDARD = gnu11;
				GCC_DYNAMIC_NO_PIC = NO;
				GCC_NO_COMMON_BLOCKS = YES;
				GCC_OPTIMIZATION_LEVEL = 0;
				GCC_PREPROCESSOR_DEFINITIONS = (
					"DEBUG=1",
					"$(inherited)",
				);
				GCC_WARN_64_TO_32_BIT_CONVERSION = YES;
				GCC_WARN_ABOUT_RETURN_TYPE = YES_ERROR;
				GCC_WARN_UNDECLARED_SELECTOR = YES;
				GCC_WARN_UNINITIALIZED_AUTOS = YES_AGGRESSIVE;
				GCC_WARN_UNUSED_FUNCTION = YES;
				GCC_WARN_UNUSED_VARIABLE = YES;
				IPHONEOS_DEPLOYMENT_TARGET = 16.4;
				MTL_ENABLE_DEBUG_INFO = INCLUDE_SOURCE;
				MTL_FAST_MATH = YES;
				ONLY_ACTIVE_ARCH = YES;
				SDKROOT = iphoneos;
				SWIFT_ACTIVE_COMPILATION_CONDITIONS = DEBUG;
				SWIFT_OPTIMIZATION_LEVEL = "-Onone";
			};
			name = Debug;
		};
		ECDA04262A1EAF7E007B6A3B /* Release */ = {
			isa = XCBuildConfiguration;
			buildSettings = {
				ALWAYS_SEARCH_USER_PATHS = NO;
				CLANG_ANALYZER_NONNULL = YES;
				CLANG_ANALYZER_NUMBER_OBJECT_CONVERSION = YES_AGGRESSIVE;
				CLANG_CXX_LANGUAGE_STANDARD = "gnu++20";
				CLANG_ENABLE_MODULES = YES;
				CLANG_ENABLE_OBJC_ARC = YES;
				CLANG_ENABLE_OBJC_WEAK = YES;
				CLANG_WARN_BLOCK_CAPTURE_AUTORELEASING = YES;
				CLANG_WARN_BOOL_CONVERSION = YES;
				CLANG_WARN_COMMA = YES;
				CLANG_WARN_CONSTANT_CONVERSION = YES;
				CLANG_WARN_DEPRECATED_OBJC_IMPLEMENTATIONS = YES;
				CLANG_WARN_DIRECT_OBJC_ISA_USAGE = YES_ERROR;
				CLANG_WARN_DOCUMENTATION_COMMENTS = YES;
				CLANG_WARN_EMPTY_BODY = YES;
				CLANG_WARN_ENUM_CONVERSION = YES;
				CLANG_WARN_INFINITE_RECURSION = YES;
				CLANG_WARN_INT_CONVERSION = YES;
				CLANG_WARN_NON_LITERAL_NULL_CONVERSION = YES;
				CLANG_WARN_OBJC_IMPLICIT_RETAIN_SELF = YES;
				CLANG_WARN_OBJC_LITERAL_CONVERSION = YES;
				CLANG_WARN_OBJC_ROOT_CLASS = YES_ERROR;
				CLANG_WARN_QUOTED_INCLUDE_IN_FRAMEWORK_HEADER = YES;
				CLANG_WARN_RANGE_LOOP_ANALYSIS = YES;
				CLANG_WARN_STRICT_PROTOTYPES = YES;
				CLANG_WARN_SUSPICIOUS_MOVE = YES;
				CLANG_WARN_UNGUARDED_AVAILABILITY = YES_AGGRESSIVE;
				CLANG_WARN_UNREACHABLE_CODE = YES;
				CLANG_WARN__DUPLICATE_METHOD_MATCH = YES;
				COPY_PHASE_STRIP = NO;
				DEBUG_INFORMATION_FORMAT = "dwarf-with-dsym";
				ENABLE_NS_ASSERTIONS = NO;
				ENABLE_STRICT_OBJC_MSGSEND = YES;
				GCC_C_LANGUAGE_STANDARD = gnu11;
				GCC_NO_COMMON_BLOCKS = YES;
				GCC_WARN_64_TO_32_BIT_CONVERSION = YES;
				GCC_WARN_ABOUT_RETURN_TYPE = YES_ERROR;
				GCC_WARN_UNDECLARED_SELECTOR = YES;
				GCC_WARN_UNINITIALIZED_AUTOS = YES_AGGRESSIVE;
				GCC_WARN_UNUSED_FUNCTION = YES;
				GCC_WARN_UNUSED_VARIABLE = YES;
				IPHONEOS_DEPLOYMENT_TARGET = 16.4;
				MTL_ENABLE_DEBUG_INFO = NO;
				MTL_FAST_MATH = YES;
				SDKROOT = iphoneos;
				SWIFT_COMPILATION_MODE = wholemodule;
				SWIFT_OPTIMIZATION_LEVEL = "-O";
				VALIDATE_PRODUCT = YES;
			};
			name = Release;
		};
		ECDA04282A1EAF7E007B6A3B /* Debug */ = {
			isa = XCBuildConfiguration;
			buildSettings = {
				ASSETCATALOG_COMPILER_APPICON_NAME = AppIcon;
				ASSETCATALOG_COMPILER_GLOBAL_ACCENT_COLOR_NAME = AccentColor;
				CODE_SIGN_IDENTITY = "Apple Development";
				CODE_SIGN_STYLE = Automatic;
				CURRENT_PROJECT_VERSION = 1;
				DEVELOPMENT_ASSET_PATHS = "\"AverageCalcApp/Preview Content\"";
				DEVELOPMENT_TEAM = J9G38B6NUU;
				ENABLE_PREVIEWS = YES;
				GENERATE_INFOPLIST_FILE = YES;
				INFOPLIST_KEY_UIApplicationSceneManifest_Generation = YES;
				INFOPLIST_KEY_UIApplicationSupportsIndirectInputEvents = YES;
				INFOPLIST_KEY_UILaunchScreen_Generation = YES;
				INFOPLIST_KEY_UISupportedInterfaceOrientations_iPad = "UIInterfaceOrientationPortrait UIInterfaceOrientationPortraitUpsideDown UIInterfaceOrientationLandscapeLeft UIInterfaceOrientationLandscapeRight";
				INFOPLIST_KEY_UISupportedInterfaceOrientations_iPhone = "UIInterfaceOrientationPortrait UIInterfaceOrientationLandscapeLeft UIInterfaceOrientationLandscapeRight";
				LD_RUNPATH_SEARCH_PATHS = (
					"$(inherited)",
					"@executable_path/Frameworks",
				);
				MARKETING_VERSION = 1.0;
				PRODUCT_BUNDLE_IDENTIFIER = fr.uca.iut.AverageCalcApp;
				PRODUCT_NAME = "$(TARGET_NAME)";
				PROVISIONING_PROFILE_SPECIFIER = "";
				SWIFT_EMIT_LOC_STRINGS = YES;
				SWIFT_VERSION = 5.0;
				TARGETED_DEVICE_FAMILY = "1,2";
			};
			name = Debug;
		};
		ECDA04292A1EAF7E007B6A3B /* Release */ = {
			isa = XCBuildConfiguration;
			buildSettings = {
				ASSETCATALOG_COMPILER_APPICON_NAME = AppIcon;
				ASSETCATALOG_COMPILER_GLOBAL_ACCENT_COLOR_NAME = AccentColor;
				CODE_SIGN_IDENTITY = "Apple Development";
				CODE_SIGN_STYLE = Automatic;
				CURRENT_PROJECT_VERSION = 1;
				DEVELOPMENT_ASSET_PATHS = "\"AverageCalcApp/Preview Content\"";
				DEVELOPMENT_TEAM = J9G38B6NUU;
				ENABLE_PREVIEWS = YES;
				GENERATE_INFOPLIST_FILE = YES;
				INFOPLIST_KEY_UIApplicationSceneManifest_Generation = YES;
				INFOPLIST_KEY_UIApplicationSupportsIndirectInputEvents = YES;
				INFOPLIST_KEY_UILaunchScreen_Generation = YES;
				INFOPLIST_KEY_UISupportedInterfaceOrientations_iPad = "UIInterfaceOrientationPortrait UIInterfaceOrientationPortraitUpsideDown UIInterfaceOrientationLandscapeLeft UIInterfaceOrientationLandscapeRight";
				INFOPLIST_KEY_UISupportedInterfaceOrientations_iPhone = "UIInterfaceOrientationPortrait UIInterfaceOrientationLandscapeLeft UIInterfaceOrientationLandscapeRight";
				LD_RUNPATH_SEARCH_PATHS = (
					"$(inherited)",
					"@executable_path/Frameworks",
				);
				MARKETING_VERSION = 1.0;
				PRODUCT_BUNDLE_IDENTIFIER = fr.uca.iut.AverageCalcApp;
				PRODUCT_NAME = "$(TARGET_NAME)";
				PROVISIONING_PROFILE_SPECIFIER = "";
				SWIFT_EMIT_LOC_STRINGS = YES;
				SWIFT_VERSION = 5.0;
				TARGETED_DEVICE_FAMILY = "1,2";
			};
			name = Release;
		};
/* End XCBuildConfiguration section */

/* Begin XCConfigurationList section */
		ECDA04142A1EAF7E007B6A3B /* Build configuration list for PBXProject "AverageCalcApp" */ = {
			isa = XCConfigurationList;
			buildConfigurations = (
				ECDA04252A1EAF7E007B6A3B /* Debug */,
				ECDA04262A1EAF7E007B6A3B /* Release */,
			);
			defaultConfigurationIsVisible = 0;
			defaultConfigurationName = Release;
		};
		ECDA04272A1EAF7E007B6A3B /* Build configuration list for PBXNativeTarget "AverageCalcApp" */ = {
			isa = XCConfigurationList;
			buildConfigurations = (
				ECDA04282A1EAF7E007B6A3B /* Debug */,
				ECDA04292A1EAF7E007B6A3B /* Release */,
			);
			defaultConfigurationIsVisible = 0;
			defaultConfigurationName = Release;
		};
/* End XCConfigurationList section */

/* Begin XCSwiftPackageProductDependency section */
		EC64F0B52A1FB1500079CFFE /* AverageCalcStub */ = {
			isa = XCSwiftPackageProductDependency;
			productName = AverageCalcStub;
		};
		ECDA042B2A1EAFE2007B6A3B /* AverageCalcModel */ = {
			isa = XCSwiftPackageProductDependency;
			productName = AverageCalcModel;
		};
/* End XCSwiftPackageProductDependency section */
	};
	rootObject = ECDA04112A1EAF7E007B6A3B /* Project object */;
}
