// !$*UTF8*$!
{
	archiveVersion = 1;
	classes = {
	};
	objectVersion = 56;
	objects = {

/* Begin PBXBuildFile section */
		EC03A83D2A22500C00B1F488 /* AverageCalcStub in Frameworks */ = {isa = PBXBuildFile; productRef = EC03A83C2A22500C00B1F488 /* AverageCalcStub */; };
		EC03A83F2A22500F00B1F488 /* AverageCalcViewModel in Frameworks */ = {isa = PBXBuildFile; productRef = EC03A83E2A22500F00B1F488 /* AverageCalcViewModel */; };
		EC03A8412A22506700B1F488 /* Double.swift in Sources */ = {isa = PBXBuildFile; fileRef = EC03A8402A22506700B1F488 /* Double.swift */; };
		EC03A8432A22509000B1F488 /* Colors.swift in Sources */ = {isa = PBXBuildFile; fileRef = EC03A8422A22509000B1F488 /* Colors.swift */; };
		EC03A8452A22509A00B1F488 /* Colors.xcassets in Resources */ = {isa = PBXBuildFile; fileRef = EC03A8442A22509A00B1F488 /* Colors.xcassets */; };
		EC03A8472A22520500B1F488 /* HomePage.swift in Sources */ = {isa = PBXBuildFile; fileRef = EC03A8462A22520500B1F488 /* HomePage.swift */; };
		EC03A8492A22520D00B1F488 /* BlockItemView.swift in Sources */ = {isa = PBXBuildFile; fileRef = EC03A8482A22520D00B1F488 /* BlockItemView.swift */; };
		EC03A84B2A22521600B1F488 /* BlocksView.swift in Sources */ = {isa = PBXBuildFile; fileRef = EC03A84A2A22521600B1F488 /* BlocksView.swift */; };
		EC03A84D2A22522100B1F488 /* UEItemView.swift in Sources */ = {isa = PBXBuildFile; fileRef = EC03A84C2A22522100B1F488 /* UEItemView.swift */; };
		EC03A84F2A22522700B1F488 /* UEsView.swift in Sources */ = {isa = PBXBuildFile; fileRef = EC03A84E2A22522700B1F488 /* UEsView.swift */; };
		EC03A8512A22523200B1F488 /* MarkSlider.swift in Sources */ = {isa = PBXBuildFile; fileRef = EC03A8502A22523200B1F488 /* MarkSlider.swift */; };
		EC6E4EFF2A224E5E005451F4 /* AverageCalcApp.swift in Sources */ = {isa = PBXBuildFile; fileRef = EC6E4EFE2A224E5E005451F4 /* AverageCalcApp.swift */; };
		EC6E4F032A224E5E005451F4 /* Assets.xcassets in Resources */ = {isa = PBXBuildFile; fileRef = EC6E4F022A224E5E005451F4 /* Assets.xcassets */; };
		EC6E4F062A224E5E005451F4 /* Preview Assets.xcassets in Resources */ = {isa = PBXBuildFile; fileRef = EC6E4F052A224E5E005451F4 /* Preview Assets.xcassets */; };
		EC6E4F102A224E5F005451F4 /* AverageCalcAppTests.swift in Sources */ = {isa = PBXBuildFile; fileRef = EC6E4F0F2A224E5F005451F4 /* AverageCalcAppTests.swift */; };
		EC6E4F1A2A224E5F005451F4 /* AverageCalcAppUITests.swift in Sources */ = {isa = PBXBuildFile; fileRef = EC6E4F192A224E5F005451F4 /* AverageCalcAppUITests.swift */; };
		EC6E4F1C2A224E5F005451F4 /* AverageCalcAppUITestsLaunchTests.swift in Sources */ = {isa = PBXBuildFile; fileRef = EC6E4F1B2A224E5F005451F4 /* AverageCalcAppUITestsLaunchTests.swift */; };
		ECD42FBA2A2279E100E04427 /* UEDetailPage.swift in Sources */ = {isa = PBXBuildFile; fileRef = ECD42FB92A2279E100E04427 /* UEDetailPage.swift */; };
		ECD42FBC2A227ADE00E04427 /* CoursesView.swift in Sources */ = {isa = PBXBuildFile; fileRef = ECD42FBB2A227ADE00E04427 /* CoursesView.swift */; };
		ECD42FBE2A227AEF00E04427 /* CourseItemView.swift in Sources */ = {isa = PBXBuildFile; fileRef = ECD42FBD2A227AEF00E04427 /* CourseItemView.swift */; };
/* End PBXBuildFile section */

/* Begin PBXContainerItemProxy section */
		EC6E4F0C2A224E5F005451F4 /* PBXContainerItemProxy */ = {
			isa = PBXContainerItemProxy;
			containerPortal = EC6E4EF32A224E5E005451F4 /* Project object */;
			proxyType = 1;
			remoteGlobalIDString = EC6E4EFA2A224E5E005451F4;
			remoteInfo = AverageCalcApp;
		};
		EC6E4F162A224E5F005451F4 /* PBXContainerItemProxy */ = {
			isa = PBXContainerItemProxy;
			containerPortal = EC6E4EF32A224E5E005451F4 /* Project object */;
			proxyType = 1;
			remoteGlobalIDString = EC6E4EFA2A224E5E005451F4;
			remoteInfo = AverageCalcApp;
		};
/* End PBXContainerItemProxy section */

/* Begin PBXFileReference section */
		EC03A8402A22506700B1F488 /* Double.swift */ = {isa = PBXFileReference; lastKnownFileType = sourcecode.swift; path = Double.swift; sourceTree = "<group>"; };
		EC03A8422A22509000B1F488 /* Colors.swift */ = {isa = PBXFileReference; lastKnownFileType = sourcecode.swift; path = Colors.swift; sourceTree = "<group>"; };
		EC03A8442A22509A00B1F488 /* Colors.xcassets */ = {isa = PBXFileReference; lastKnownFileType = folder.assetcatalog; path = Colors.xcassets; sourceTree = "<group>"; };
		EC03A8462A22520500B1F488 /* HomePage.swift */ = {isa = PBXFileReference; fileEncoding = 4; lastKnownFileType = sourcecode.swift; path = HomePage.swift; sourceTree = "<group>"; };
		EC03A8482A22520D00B1F488 /* BlockItemView.swift */ = {isa = PBXFileReference; fileEncoding = 4; lastKnownFileType = sourcecode.swift; path = BlockItemView.swift; sourceTree = "<group>"; };
		EC03A84A2A22521600B1F488 /* BlocksView.swift */ = {isa = PBXFileReference; fileEncoding = 4; lastKnownFileType = sourcecode.swift; path = BlocksView.swift; sourceTree = "<group>"; };
		EC03A84C2A22522100B1F488 /* UEItemView.swift */ = {isa = PBXFileReference; fileEncoding = 4; lastKnownFileType = sourcecode.swift; path = UEItemView.swift; sourceTree = "<group>"; };
		EC03A84E2A22522700B1F488 /* UEsView.swift */ = {isa = PBXFileReference; fileEncoding = 4; lastKnownFileType = sourcecode.swift; path = UEsView.swift; sourceTree = "<group>"; };
		EC03A8502A22523200B1F488 /* MarkSlider.swift */ = {isa = PBXFileReference; fileEncoding = 4; lastKnownFileType = sourcecode.swift; path = MarkSlider.swift; sourceTree = "<group>"; };
		EC6E4EFB2A224E5E005451F4 /* AverageCalcApp.app */ = {isa = PBXFileReference; explicitFileType = wrapper.application; includeInIndex = 0; path = AverageCalcApp.app; sourceTree = BUILT_PRODUCTS_DIR; };
		EC6E4EFE2A224E5E005451F4 /* AverageCalcApp.swift */ = {isa = PBXFileReference; lastKnownFileType = sourcecode.swift; path = AverageCalcApp.swift; sourceTree = "<group>"; };
		EC6E4F022A224E5E005451F4 /* Assets.xcassets */ = {isa = PBXFileReference; lastKnownFileType = folder.assetcatalog; path = Assets.xcassets; sourceTree = "<group>"; };
		EC6E4F052A224E5E005451F4 /* Preview Assets.xcassets */ = {isa = PBXFileReference; lastKnownFileType = folder.assetcatalog; path = "Preview Assets.xcassets"; sourceTree = "<group>"; };
		EC6E4F0B2A224E5F005451F4 /* AverageCalcAppTests.xctest */ = {isa = PBXFileReference; explicitFileType = wrapper.cfbundle; includeInIndex = 0; path = AverageCalcAppTests.xctest; sourceTree = BUILT_PRODUCTS_DIR; };
		EC6E4F0F2A224E5F005451F4 /* AverageCalcAppTests.swift */ = {isa = PBXFileReference; lastKnownFileType = sourcecode.swift; path = AverageCalcAppTests.swift; sourceTree = "<group>"; };
		EC6E4F152A224E5F005451F4 /* AverageCalcAppUITests.xctest */ = {isa = PBXFileReference; explicitFileType = wrapper.cfbundle; includeInIndex = 0; path = AverageCalcAppUITests.xctest; sourceTree = BUILT_PRODUCTS_DIR; };
		EC6E4F192A224E5F005451F4 /* AverageCalcAppUITests.swift */ = {isa = PBXFileReference; lastKnownFileType = sourcecode.swift; path = AverageCalcAppUITests.swift; sourceTree = "<group>"; };
		EC6E4F1B2A224E5F005451F4 /* AverageCalcAppUITestsLaunchTests.swift */ = {isa = PBXFileReference; lastKnownFileType = sourcecode.swift; path = AverageCalcAppUITestsLaunchTests.swift; sourceTree = "<group>"; };
		ECD42FB92A2279E100E04427 /* UEDetailPage.swift */ = {isa = PBXFileReference; fileEncoding = 4; lastKnownFileType = sourcecode.swift; path = UEDetailPage.swift; sourceTree = "<group>"; };
		ECD42FBB2A227ADE00E04427 /* CoursesView.swift */ = {isa = PBXFileReference; lastKnownFileType = sourcecode.swift; path = CoursesView.swift; sourceTree = "<group>"; };
		ECD42FBD2A227AEF00E04427 /* CourseItemView.swift */ = {isa = PBXFileReference; lastKnownFileType = sourcecode.swift; path = CourseItemView.swift; sourceTree = "<group>"; };
/* End PBXFileReference section */

/* Begin PBXFrameworksBuildPhase section */
		EC6E4EF82A224E5E005451F4 /* Frameworks */ = {
			isa = PBXFrameworksBuildPhase;
			buildActionMask = 2147483647;
			files = (
				EC03A83F2A22500F00B1F488 /* AverageCalcViewModel in Frameworks */,
				EC03A83D2A22500C00B1F488 /* AverageCalcStub in Frameworks */,
			);
			runOnlyForDeploymentPostprocessing = 0;
		};
		EC6E4F082A224E5F005451F4 /* Frameworks */ = {
			isa = PBXFrameworksBuildPhase;
			buildActionMask = 2147483647;
			files = (
			);
			runOnlyForDeploymentPostprocessing = 0;
		};
		EC6E4F122A224E5F005451F4 /* Frameworks */ = {
			isa = PBXFrameworksBuildPhase;
			buildActionMask = 2147483647;
			files = (
			);
			runOnlyForDeploymentPostprocessing = 0;
		};
/* End PBXFrameworksBuildPhase section */

/* Begin PBXGroup section */
		EC03A8332A224F4E00B1F488 /* Assets */ = {
			isa = PBXGroup;
			children = (
				EC6E4F022A224E5E005451F4 /* Assets.xcassets */,
				EC03A8442A22509A00B1F488 /* Colors.xcassets */,
				EC03A8422A22509000B1F488 /* Colors.swift */,
			);
			path = Assets;
			sourceTree = "<group>";
		};
		EC03A8342A224F5B00B1F488 /* Converters */ = {
			isa = PBXGroup;
			children = (
				EC03A8402A22506700B1F488 /* Double.swift */,
			);
			path = Converters;
			sourceTree = "<group>";
		};
		EC03A8352A224FB300B1F488 /* UI */ = {
			isa = PBXGroup;
			children = (
				EC03A8382A224FE500B1F488 /* Components */,
				EC03A8372A224FDF00B1F488 /* Pages */,
				EC03A8362A224FD600B1F488 /* Views */,
			);
			path = UI;
			sourceTree = "<group>";
		};
		EC03A8362A224FD600B1F488 /* Views */ = {
			isa = PBXGroup;
			children = (
				EC03A83A2A224FFC00B1F488 /* Blocks */,
				ECD42FB82A22649000E04427 /* Courses */,
				EC03A8392A224FF200B1F488 /* UEs */,
			);
			path = Views;
			sourceTree = "<group>";
		};
		EC03A8372A224FDF00B1F488 /* Pages */ = {
			isa = PBXGroup;
			children = (
				ECD42FB92A2279E100E04427 /* UEDetailPage.swift */,
				EC03A8462A22520500B1F488 /* HomePage.swift */,
			);
			path = Pages;
			sourceTree = "<group>";
		};
		EC03A8382A224FE500B1F488 /* Components */ = {
			isa = PBXGroup;
			children = (
				EC03A8502A22523200B1F488 /* MarkSlider.swift */,
			);
			path = Components;
			sourceTree = "<group>";
		};
		EC03A8392A224FF200B1F488 /* UEs */ = {
			isa = PBXGroup;
			children = (
				EC03A84C2A22522100B1F488 /* UEItemView.swift */,
				EC03A84E2A22522700B1F488 /* UEsView.swift */,
			);
			path = UEs;
			sourceTree = "<group>";
		};
		EC03A83A2A224FFC00B1F488 /* Blocks */ = {
			isa = PBXGroup;
			children = (
				EC03A84A2A22521600B1F488 /* BlocksView.swift */,
				EC03A8482A22520D00B1F488 /* BlockItemView.swift */,
			);
			path = Blocks;
			sourceTree = "<group>";
		};
		EC03A83B2A22500C00B1F488 /* Frameworks */ = {
			isa = PBXGroup;
			children = (
			);
			name = Frameworks;
			sourceTree = "<group>";
		};
		EC6E4EF22A224E5E005451F4 = {
			isa = PBXGroup;
			children = (
				EC6E4EFD2A224E5E005451F4 /* AverageCalcApp */,
				EC6E4F0E2A224E5F005451F4 /* AverageCalcAppTests */,
				EC6E4F182A224E5F005451F4 /* AverageCalcAppUITests */,
				EC6E4EFC2A224E5E005451F4 /* Products */,
				EC03A83B2A22500C00B1F488 /* Frameworks */,
			);
			sourceTree = "<group>";
		};
		EC6E4EFC2A224E5E005451F4 /* Products */ = {
			isa = PBXGroup;
			children = (
				EC6E4EFB2A224E5E005451F4 /* AverageCalcApp.app */,
				EC6E4F0B2A224E5F005451F4 /* AverageCalcAppTests.xctest */,
				EC6E4F152A224E5F005451F4 /* AverageCalcAppUITests.xctest */,
			);
			name = Products;
			sourceTree = "<group>";
		};
		EC6E4EFD2A224E5E005451F4 /* AverageCalcApp */ = {
			isa = PBXGroup;
			children = (
				EC03A8332A224F4E00B1F488 /* Assets */,
				EC03A8342A224F5B00B1F488 /* Converters */,
				EC6E4F042A224E5E005451F4 /* Preview Content */,
				EC03A8352A224FB300B1F488 /* UI */,
				EC6E4EFE2A224E5E005451F4 /* AverageCalcApp.swift */,
			);
			path = AverageCalcApp;
			sourceTree = "<group>";
		};
		EC6E4F042A224E5E005451F4 /* Preview Content */ = {
			isa = PBXGroup;
			children = (
				EC6E4F052A224E5E005451F4 /* Preview Assets.xcassets */,
			);
			path = "Preview Content";
			sourceTree = "<group>";
		};
		EC6E4F0E2A224E5F005451F4 /* AverageCalcAppTests */ = {
			isa = PBXGroup;
			children = (
				EC6E4F0F2A224E5F005451F4 /* AverageCalcAppTests.swift */,
			);
			path = AverageCalcAppTests;
			sourceTree = "<group>";
		};
		EC6E4F182A224E5F005451F4 /* AverageCalcAppUITests */ = {
			isa = PBXGroup;
			children = (
				EC6E4F192A224E5F005451F4 /* AverageCalcAppUITests.swift */,
				EC6E4F1B2A224E5F005451F4 /* AverageCalcAppUITestsLaunchTests.swift */,
			);
			path = AverageCalcAppUITests;
			sourceTree = "<group>";
		};
		ECD42FB82A22649000E04427 /* Courses */ = {
			isa = PBXGroup;
			children = (
				ECD42FBB2A227ADE00E04427 /* CoursesView.swift */,
				ECD42FBD2A227AEF00E04427 /* CourseItemView.swift */,
			);
			path = Courses;
			sourceTree = "<group>";
		};
/* End PBXGroup section */

/* Begin PBXNativeTarget section */
		EC6E4EFA2A224E5E005451F4 /* AverageCalcApp */ = {
			isa = PBXNativeTarget;
			buildConfigurationList = EC6E4F1F2A224E5F005451F4 /* Build configuration list for PBXNativeTarget "AverageCalcApp" */;
			buildPhases = (
				EC6E4EF72A224E5E005451F4 /* Sources */,
				EC6E4EF82A224E5E005451F4 /* Frameworks */,
				EC6E4EF92A224E5E005451F4 /* Resources */,
			);
			buildRules = (
			);
			dependencies = (
			);
			name = AverageCalcApp;
			packageProductDependencies = (
				EC03A83C2A22500C00B1F488 /* AverageCalcStub */,
				EC03A83E2A22500F00B1F488 /* AverageCalcViewModel */,
			);
			productName = AverageCalcApp;
			productReference = EC6E4EFB2A224E5E005451F4 /* AverageCalcApp.app */;
			productType = "com.apple.product-type.application";
		};
		EC6E4F0A2A224E5F005451F4 /* AverageCalcAppTests */ = {
			isa = PBXNativeTarget;
			buildConfigurationList = EC6E4F222A224E5F005451F4 /* Build configuration list for PBXNativeTarget "AverageCalcAppTests" */;
			buildPhases = (
				EC6E4F072A224E5F005451F4 /* Sources */,
				EC6E4F082A224E5F005451F4 /* Frameworks */,
				EC6E4F092A224E5F005451F4 /* Resources */,
			);
			buildRules = (
			);
			dependencies = (
				EC6E4F0D2A224E5F005451F4 /* PBXTargetDependency */,
			);
			name = AverageCalcAppTests;
			productName = AverageCalcAppTests;
			productReference = EC6E4F0B2A224E5F005451F4 /* AverageCalcAppTests.xctest */;
			productType = "com.apple.product-type.bundle.unit-test";
		};
		EC6E4F142A224E5F005451F4 /* AverageCalcAppUITests */ = {
			isa = PBXNativeTarget;
			buildConfigurationList = EC6E4F252A224E5F005451F4 /* Build configuration list for PBXNativeTarget "AverageCalcAppUITests" */;
			buildPhases = (
				EC6E4F112A224E5F005451F4 /* Sources */,
				EC6E4F122A224E5F005451F4 /* Frameworks */,
				EC6E4F132A224E5F005451F4 /* Resources */,
			);
			buildRules = (
			);
			dependencies = (
				EC6E4F172A224E5F005451F4 /* PBXTargetDependency */,
			);
			name = AverageCalcAppUITests;
			productName = AverageCalcAppUITests;
			productReference = EC6E4F152A224E5F005451F4 /* AverageCalcAppUITests.xctest */;
			productType = "com.apple.product-type.bundle.ui-testing";
		};
/* End PBXNativeTarget section */

/* Begin PBXProject section */
		EC6E4EF32A224E5E005451F4 /* Project object */ = {
			isa = PBXProject;
			attributes = {
				BuildIndependentTargetsInParallel = 1;
				LastSwiftUpdateCheck = 1430;
				LastUpgradeCheck = 1430;
				TargetAttributes = {
					EC6E4EFA2A224E5E005451F4 = {
						CreatedOnToolsVersion = 14.3;
					};
					EC6E4F0A2A224E5F005451F4 = {
						CreatedOnToolsVersion = 14.3;
						TestTargetID = EC6E4EFA2A224E5E005451F4;
					};
					EC6E4F142A224E5F005451F4 = {
						CreatedOnToolsVersion = 14.3;
						TestTargetID = EC6E4EFA2A224E5E005451F4;
					};
				};
			};
			buildConfigurationList = EC6E4EF62A224E5E005451F4 /* Build configuration list for PBXProject "AverageCalcApp" */;
			compatibilityVersion = "Xcode 14.0";
			developmentRegion = en;
			hasScannedForEncodings = 0;
			knownRegions = (
				en,
				Base,
			);
			mainGroup = EC6E4EF22A224E5E005451F4;
			productRefGroup = EC6E4EFC2A224E5E005451F4 /* Products */;
			projectDirPath = "";
			projectRoot = "";
			targets = (
				EC6E4EFA2A224E5E005451F4 /* AverageCalcApp */,
				EC6E4F0A2A224E5F005451F4 /* AverageCalcAppTests */,
				EC6E4F142A224E5F005451F4 /* AverageCalcAppUITests */,
			);
		};
/* End PBXProject section */

/* Begin PBXResourcesBuildPhase section */
		EC6E4EF92A224E5E005451F4 /* Resources */ = {
			isa = PBXResourcesBuildPhase;
			buildActionMask = 2147483647;
			files = (
				EC03A8452A22509A00B1F488 /* Colors.xcassets in Resources */,
				EC6E4F062A224E5E005451F4 /* Preview Assets.xcassets in Resources */,
				EC6E4F032A224E5E005451F4 /* Assets.xcassets in Resources */,
			);
			runOnlyForDeploymentPostprocessing = 0;
		};
		EC6E4F092A224E5F005451F4 /* Resources */ = {
			isa = PBXResourcesBuildPhase;
			buildActionMask = 2147483647;
			files = (
			);
			runOnlyForDeploymentPostprocessing = 0;
		};
		EC6E4F132A224E5F005451F4 /* Resources */ = {
			isa = PBXResourcesBuildPhase;
			buildActionMask = 2147483647;
			files = (
			);
			runOnlyForDeploymentPostprocessing = 0;
		};
/* End PBXResourcesBuildPhase section */

/* Begin PBXSourcesBuildPhase section */
		EC6E4EF72A224E5E005451F4 /* Sources */ = {
			isa = PBXSourcesBuildPhase;
			buildActionMask = 2147483647;
			files = (
				EC03A84F2A22522700B1F488 /* UEsView.swift in Sources */,
				ECD42FBA2A2279E100E04427 /* UEDetailPage.swift in Sources */,
				ECD42FBE2A227AEF00E04427 /* CourseItemView.swift in Sources */,
				EC03A8512A22523200B1F488 /* MarkSlider.swift in Sources */,
				EC03A84B2A22521600B1F488 /* BlocksView.swift in Sources */,
				EC03A8412A22506700B1F488 /* Double.swift in Sources */,
				EC03A8432A22509000B1F488 /* Colors.swift in Sources */,
				EC6E4EFF2A224E5E005451F4 /* AverageCalcApp.swift in Sources */,
				EC03A8472A22520500B1F488 /* HomePage.swift in Sources */,
				ECD42FBC2A227ADE00E04427 /* CoursesView.swift in Sources */,
				EC03A84D2A22522100B1F488 /* UEItemView.swift in Sources */,
				EC03A8492A22520D00B1F488 /* BlockItemView.swift in Sources */,
			);
			runOnlyForDeploymentPostprocessing = 0;
		};
		EC6E4F072A224E5F005451F4 /* Sources */ = {
			isa = PBXSourcesBuildPhase;
			buildActionMask = 2147483647;
			files = (
				EC6E4F102A224E5F005451F4 /* AverageCalcAppTests.swift in Sources */,
			);
			runOnlyForDeploymentPostprocessing = 0;
		};
		EC6E4F112A224E5F005451F4 /* Sources */ = {
			isa = PBXSourcesBuildPhase;
			buildActionMask = 2147483647;
			files = (
				EC6E4F1A2A224E5F005451F4 /* AverageCalcAppUITests.swift in Sources */,
				EC6E4F1C2A224E5F005451F4 /* AverageCalcAppUITestsLaunchTests.swift in Sources */,
			);
			runOnlyForDeploymentPostprocessing = 0;
		};
/* End PBXSourcesBuildPhase section */

/* Begin PBXTargetDependency section */
		EC6E4F0D2A224E5F005451F4 /* PBXTargetDependency */ = {
			isa = PBXTargetDependency;
			target = EC6E4EFA2A224E5E005451F4 /* AverageCalcApp */;
			targetProxy = EC6E4F0C2A224E5F005451F4 /* PBXContainerItemProxy */;
		};
		EC6E4F172A224E5F005451F4 /* PBXTargetDependency */ = {
			isa = PBXTargetDependency;
			target = EC6E4EFA2A224E5E005451F4 /* AverageCalcApp */;
			targetProxy = EC6E4F162A224E5F005451F4 /* PBXContainerItemProxy */;
		};
/* End PBXTargetDependency section */

/* Begin XCBuildConfiguration section */
		EC6E4F1D2A224E5F005451F4 /* Debug */ = {
			isa = XCBuildConfiguration;
			buildSettings = {
				ALWAYS_SEARCH_USER_PATHS = NO;
				CLANG_ANALYZER_NONNULL = YES;
				CLANG_ANALYZER_NUMBER_OBJECT_CONVERSION = YES_AGGRESSIVE;
				CLANG_CXX_LANGUAGE_STANDARD = "gnu++20";
				CLANG_ENABLE_MODULES = YES;
				CLANG_ENABLE_OBJC_ARC = YES;
				CLANG_ENABLE_OBJC_WEAK = YES;
				CLANG_WARN_BLOCK_CAPTURE_AUTORELEASING = YES;
				CLANG_WARN_BOOL_CONVERSION = YES;
				CLANG_WARN_COMMA = YES;
				CLANG_WARN_CONSTANT_CONVERSION = YES;
				CLANG_WARN_DEPRECATED_OBJC_IMPLEMENTATIONS = YES;
				CLANG_WARN_DIRECT_OBJC_ISA_USAGE = YES_ERROR;
				CLANG_WARN_DOCUMENTATION_COMMENTS = YES;
				CLANG_WARN_EMPTY_BODY = YES;
				CLANG_WARN_ENUM_CONVERSION = YES;
				CLANG_WARN_INFINITE_RECURSION = YES;
				CLANG_WARN_INT_CONVERSION = YES;
				CLANG_WARN_NON_LITERAL_NULL_CONVERSION = YES;
				CLANG_WARN_OBJC_IMPLICIT_RETAIN_SELF = YES;
				CLANG_WARN_OBJC_LITERAL_CONVERSION = YES;
				CLANG_WARN_OBJC_ROOT_CLASS = YES_ERROR;
				CLANG_WARN_QUOTED_INCLUDE_IN_FRAMEWORK_HEADER = YES;
				CLANG_WARN_RANGE_LOOP_ANALYSIS = YES;
				CLANG_WARN_STRICT_PROTOTYPES = YES;
				CLANG_WARN_SUSPICIOUS_MOVE = YES;
				CLANG_WARN_UNGUARDED_AVAILABILITY = YES_AGGRESSIVE;
				CLANG_WARN_UNREACHABLE_CODE = YES;
				CLANG_WARN__DUPLICATE_METHOD_MATCH = YES;
				COPY_PHASE_STRIP = NO;
				DEBUG_INFORMATION_FORMAT = dwarf;
				ENABLE_STRICT_OBJC_MSGSEND = YES;
				ENABLE_TESTABILITY = YES;
				GCC_C_LANGUAGE_STANDARD = gnu11;
				GCC_DYNAMIC_NO_PIC = NO;
				GCC_NO_COMMON_BLOCKS = YES;
				GCC_OPTIMIZATION_LEVEL = 0;
				GCC_PREPROCESSOR_DEFINITIONS = (
					"DEBUG=1",
					"$(inherited)",
				);
				GCC_WARN_64_TO_32_BIT_CONVERSION = YES;
				GCC_WARN_ABOUT_RETURN_TYPE = YES_ERROR;
				GCC_WARN_UNDECLARED_SELECTOR = YES;
				GCC_WARN_UNINITIALIZED_AUTOS = YES_AGGRESSIVE;
				GCC_WARN_UNUSED_FUNCTION = YES;
				GCC_WARN_UNUSED_VARIABLE = YES;
				IPHONEOS_DEPLOYMENT_TARGET = 16.4;
				MTL_ENABLE_DEBUG_INFO = INCLUDE_SOURCE;
				MTL_FAST_MATH = YES;
				ONLY_ACTIVE_ARCH = YES;
				SDKROOT = iphoneos;
				SWIFT_ACTIVE_COMPILATION_CONDITIONS = DEBUG;
				SWIFT_OPTIMIZATION_LEVEL = "-Onone";
			};
			name = Debug;
		};
		EC6E4F1E2A224E5F005451F4 /* Release */ = {
			isa = XCBuildConfiguration;
			buildSettings = {
				ALWAYS_SEARCH_USER_PATHS = NO;
				CLANG_ANALYZER_NONNULL = YES;
				CLANG_ANALYZER_NUMBER_OBJECT_CONVERSION = YES_AGGRESSIVE;
				CLANG_CXX_LANGUAGE_STANDARD = "gnu++20";
				CLANG_ENABLE_MODULES = YES;
				CLANG_ENABLE_OBJC_ARC = YES;
				CLANG_ENABLE_OBJC_WEAK = YES;
				CLANG_WARN_BLOCK_CAPTURE_AUTORELEASING = YES;
				CLANG_WARN_BOOL_CONVERSION = YES;
				CLANG_WARN_COMMA = YES;
				CLANG_WARN_CONSTANT_CONVERSION = YES;
				CLANG_WARN_DEPRECATED_OBJC_IMPLEMENTATIONS = YES;
				CLANG_WARN_DIRECT_OBJC_ISA_USAGE = YES_ERROR;
				CLANG_WARN_DOCUMENTATION_COMMENTS = YES;
				CLANG_WARN_EMPTY_BODY = YES;
				CLANG_WARN_ENUM_CONVERSION = YES;
				CLANG_WARN_INFINITE_RECURSION = YES;
				CLANG_WARN_INT_CONVERSION = YES;
				CLANG_WARN_NON_LITERAL_NULL_CONVERSION = YES;
				CLANG_WARN_OBJC_IMPLICIT_RETAIN_SELF = YES;
				CLANG_WARN_OBJC_LITERAL_CONVERSION = YES;
				CLANG_WARN_OBJC_ROOT_CLASS = YES_ERROR;
				CLANG_WARN_QUOTED_INCLUDE_IN_FRAMEWORK_HEADER = YES;
				CLANG_WARN_RANGE_LOOP_ANALYSIS = YES;
				CLANG_WARN_STRICT_PROTOTYPES = YES;
				CLANG_WARN_SUSPICIOUS_MOVE = YES;
				CLANG_WARN_UNGUARDED_AVAILABILITY = YES_AGGRESSIVE;
				CLANG_WARN_UNREACHABLE_CODE = YES;
				CLANG_WARN__DUPLICATE_METHOD_MATCH = YES;
				COPY_PHASE_STRIP = NO;
				DEBUG_INFORMATION_FORMAT = "dwarf-with-dsym";
				ENABLE_NS_ASSERTIONS = NO;
				ENABLE_STRICT_OBJC_MSGSEND = YES;
				GCC_C_LANGUAGE_STANDARD = gnu11;
				GCC_NO_COMMON_BLOCKS = YES;
				GCC_WARN_64_TO_32_BIT_CONVERSION = YES;
				GCC_WARN_ABOUT_RETURN_TYPE = YES_ERROR;
				GCC_WARN_UNDECLARED_SELECTOR = YES;
				GCC_WARN_UNINITIALIZED_AUTOS = YES_AGGRESSIVE;
				GCC_WARN_UNUSED_FUNCTION = YES;
				GCC_WARN_UNUSED_VARIABLE = YES;
				IPHONEOS_DEPLOYMENT_TARGET = 16.4;
				MTL_ENABLE_DEBUG_INFO = NO;
				MTL_FAST_MATH = YES;
				SDKROOT = iphoneos;
				SWIFT_COMPILATION_MODE = wholemodule;
				SWIFT_OPTIMIZATION_LEVEL = "-O";
				VALIDATE_PRODUCT = YES;
			};
			name = Release;
		};
		EC6E4F202A224E5F005451F4 /* Debug */ = {
			isa = XCBuildConfiguration;
			buildSettings = {
				ASSETCATALOG_COMPILER_APPICON_NAME = AppIcon;
				ASSETCATALOG_COMPILER_GLOBAL_ACCENT_COLOR_NAME = AccentColor;
				CODE_SIGN_STYLE = Automatic;
				CURRENT_PROJECT_VERSION = 1;
				DEVELOPMENT_ASSET_PATHS = "\"AverageCalcApp/Preview Content\"";
				DEVELOPMENT_TEAM = J9G38B6NUU;
				ENABLE_PREVIEWS = YES;
				GENERATE_INFOPLIST_FILE = YES;
				INFOPLIST_KEY_UIApplicationSceneManifest_Generation = YES;
				INFOPLIST_KEY_UIApplicationSupportsIndirectInputEvents = YES;
				INFOPLIST_KEY_UILaunchScreen_Generation = YES;
				INFOPLIST_KEY_UISupportedInterfaceOrientations_iPad = "UIInterfaceOrientationPortrait UIInterfaceOrientationPortraitUpsideDown UIInterfaceOrientationLandscapeLeft UIInterfaceOrientationLandscapeRight";
				INFOPLIST_KEY_UISupportedInterfaceOrientations_iPhone = "UIInterfaceOrientationPortrait UIInterfaceOrientationLandscapeLeft UIInterfaceOrientationLandscapeRight";
				LD_RUNPATH_SEARCH_PATHS = (
					"$(inherited)",
					"@executable_path/Frameworks",
				);
				MARKETING_VERSION = 1.0;
				PRODUCT_BUNDLE_IDENTIFIER = fr.uca.iut.pm.AverageCalcApp;
				PRODUCT_NAME = "$(TARGET_NAME)";
				SWIFT_EMIT_LOC_STRINGS = YES;
				SWIFT_VERSION = 5.0;
				TARGETED_DEVICE_FAMILY = "1,2";
			};
			name = Debug;
		};
		EC6E4F212A224E5F005451F4 /* Release */ = {
			isa = XCBuildConfiguration;
			buildSettings = {
				ASSETCATALOG_COMPILER_APPICON_NAME = AppIcon;
				ASSETCATALOG_COMPILER_GLOBAL_ACCENT_COLOR_NAME = AccentColor;
				CODE_SIGN_STYLE = Automatic;
				CURRENT_PROJECT_VERSION = 1;
				DEVELOPMENT_ASSET_PATHS = "\"AverageCalcApp/Preview Content\"";
				DEVELOPMENT_TEAM = J9G38B6NUU;
				ENABLE_PREVIEWS = YES;
				GENERATE_INFOPLIST_FILE = YES;
				INFOPLIST_KEY_UIApplicationSceneManifest_Generation = YES;
				INFOPLIST_KEY_UIApplicationSupportsIndirectInputEvents = YES;
				INFOPLIST_KEY_UILaunchScreen_Generation = YES;
				INFOPLIST_KEY_UISupportedInterfaceOrientations_iPad = "UIInterfaceOrientationPortrait UIInterfaceOrientationPortraitUpsideDown UIInterfaceOrientationLandscapeLeft UIInterfaceOrientationLandscapeRight";
				INFOPLIST_KEY_UISupportedInterfaceOrientations_iPhone = "UIInterfaceOrientationPortrait UIInterfaceOrientationLandscapeLeft UIInterfaceOrientationLandscapeRight";
				LD_RUNPATH_SEARCH_PATHS = (
					"$(inherited)",
					"@executable_path/Frameworks",
				);
				MARKETING_VERSION = 1.0;
				PRODUCT_BUNDLE_IDENTIFIER = fr.uca.iut.pm.AverageCalcApp;
				PRODUCT_NAME = "$(TARGET_NAME)";
				SWIFT_EMIT_LOC_STRINGS = YES;
				SWIFT_VERSION = 5.0;
				TARGETED_DEVICE_FAMILY = "1,2";
			};
			name = Release;
		};
		EC6E4F232A224E5F005451F4 /* Debug */ = {
			isa = XCBuildConfiguration;
			buildSettings = {
				ALWAYS_EMBED_SWIFT_STANDARD_LIBRARIES = YES;
				BUNDLE_LOADER = "$(TEST_HOST)";
				CODE_SIGN_STYLE = Automatic;
				CURRENT_PROJECT_VERSION = 1;
				DEVELOPMENT_TEAM = J9G38B6NUU;
				GENERATE_INFOPLIST_FILE = YES;
				IPHONEOS_DEPLOYMENT_TARGET = 16.4;
				MARKETING_VERSION = 1.0;
				PRODUCT_BUNDLE_IDENTIFIER = fr.uca.iut.pm.AverageCalcAppTests;
				PRODUCT_NAME = "$(TARGET_NAME)";
				SWIFT_EMIT_LOC_STRINGS = NO;
				SWIFT_VERSION = 5.0;
				TARGETED_DEVICE_FAMILY = "1,2";
				TEST_HOST = "$(BUILT_PRODUCTS_DIR)/AverageCalcApp.app/$(BUNDLE_EXECUTABLE_FOLDER_PATH)/AverageCalcApp";
			};
			name = Debug;
		};
		EC6E4F242A224E5F005451F4 /* Release */ = {
			isa = XCBuildConfiguration;
			buildSettings = {
				ALWAYS_EMBED_SWIFT_STANDARD_LIBRARIES = YES;
				BUNDLE_LOADER = "$(TEST_HOST)";
				CODE_SIGN_STYLE = Automatic;
				CURRENT_PROJECT_VERSION = 1;
				DEVELOPMENT_TEAM = J9G38B6NUU;
				GENERATE_INFOPLIST_FILE = YES;
				IPHONEOS_DEPLOYMENT_TARGET = 16.4;
				MARKETING_VERSION = 1.0;
				PRODUCT_BUNDLE_IDENTIFIER = fr.uca.iut.pm.AverageCalcAppTests;
				PRODUCT_NAME = "$(TARGET_NAME)";
				SWIFT_EMIT_LOC_STRINGS = NO;
				SWIFT_VERSION = 5.0;
				TARGETED_DEVICE_FAMILY = "1,2";
				TEST_HOST = "$(BUILT_PRODUCTS_DIR)/AverageCalcApp.app/$(BUNDLE_EXECUTABLE_FOLDER_PATH)/AverageCalcApp";
			};
			name = Release;
		};
		EC6E4F262A224E5F005451F4 /* Debug */ = {
			isa = XCBuildConfiguration;
			buildSettings = {
				ALWAYS_EMBED_SWIFT_STANDARD_LIBRARIES = YES;
				CODE_SIGN_STYLE = Automatic;
				CURRENT_PROJECT_VERSION = 1;
				DEVELOPMENT_TEAM = J9G38B6NUU;
				GENERATE_INFOPLIST_FILE = YES;
				MARKETING_VERSION = 1.0;
				PRODUCT_BUNDLE_IDENTIFIER = fr.uca.iut.pm.AverageCalcAppUITests;
				PRODUCT_NAME = "$(TARGET_NAME)";
				SWIFT_EMIT_LOC_STRINGS = NO;
				SWIFT_VERSION = 5.0;
				TARGETED_DEVICE_FAMILY = "1,2";
				TEST_TARGET_NAME = AverageCalcApp;
			};
			name = Debug;
		};
		EC6E4F272A224E5F005451F4 /* Release */ = {
			isa = XCBuildConfiguration;
			buildSettings = {
				ALWAYS_EMBED_SWIFT_STANDARD_LIBRARIES = YES;
				CODE_SIGN_STYLE = Automatic;
				CURRENT_PROJECT_VERSION = 1;
				DEVELOPMENT_TEAM = J9G38B6NUU;
				GENERATE_INFOPLIST_FILE = YES;
				MARKETING_VERSION = 1.0;
				PRODUCT_BUNDLE_IDENTIFIER = fr.uca.iut.pm.AverageCalcAppUITests;
				PRODUCT_NAME = "$(TARGET_NAME)";
				SWIFT_EMIT_LOC_STRINGS = NO;
				SWIFT_VERSION = 5.0;
				TARGETED_DEVICE_FAMILY = "1,2";
				TEST_TARGET_NAME = AverageCalcApp;
			};
			name = Release;
		};
/* End XCBuildConfiguration section */

/* Begin XCConfigurationList section */
		EC6E4EF62A224E5E005451F4 /* Build configuration list for PBXProject "AverageCalcApp" */ = {
			isa = XCConfigurationList;
			buildConfigurations = (
				EC6E4F1D2A224E5F005451F4 /* Debug */,
				EC6E4F1E2A224E5F005451F4 /* Release */,
			);
			defaultConfigurationIsVisible = 0;
			defaultConfigurationName = Release;
		};
		EC6E4F1F2A224E5F005451F4 /* Build configuration list for PBXNativeTarget "AverageCalcApp" */ = {
			isa = XCConfigurationList;
			buildConfigurations = (
				EC6E4F202A224E5F005451F4 /* Debug */,
				EC6E4F212A224E5F005451F4 /* Release */,
			);
			defaultConfigurationIsVisible = 0;
			defaultConfigurationName = Release;
		};
		EC6E4F222A224E5F005451F4 /* Build configuration list for PBXNativeTarget "AverageCalcAppTests" */ = {
			isa = XCConfigurationList;
			buildConfigurations = (
				EC6E4F232A224E5F005451F4 /* Debug */,
				EC6E4F242A224E5F005451F4 /* Release */,
			);
			defaultConfigurationIsVisible = 0;
			defaultConfigurationName = Release;
		};
		EC6E4F252A224E5F005451F4 /* Build configuration list for PBXNativeTarget "AverageCalcAppUITests" */ = {
			isa = XCConfigurationList;
			buildConfigurations = (
				EC6E4F262A224E5F005451F4 /* Debug */,
				EC6E4F272A224E5F005451F4 /* Release */,
			);
			defaultConfigurationIsVisible = 0;
			defaultConfigurationName = Release;
		};
/* End XCConfigurationList section */

/* Begin XCSwiftPackageProductDependency section */
		EC03A83C2A22500C00B1F488 /* AverageCalcStub */ = {
			isa = XCSwiftPackageProductDependency;
			productName = AverageCalcStub;
		};
		EC03A83E2A22500F00B1F488 /* AverageCalcViewModel */ = {
			isa = XCSwiftPackageProductDependency;
			productName = AverageCalcViewModel;
		};
/* End XCSwiftPackageProductDependency section */
	};
	rootObject = EC6E4EF32A224E5E005451F4 /* Project object */;
}
